
Microsoft Visual Studio Solution File, Format Version 12.00
# Visual Studio Version 17
VisualStudioVersion = 17.6.33815.320
MinimumVisualStudioVersion = 10.0.40219.1
Project("{FAE04EC0-301F-11D3-BF4B-00C04F79EFBC}") = "Fitness.BL", "Fitness.BL\Fitness.BL.csproj", "{D2D3D595-9C25-4558-8ACB-3A51EB066C36}"
EndProject
Project("{FAE04EC0-301F-11D3-BF4B-00C04F79EFBC}") = "Fitness.CMD", "Fitness.CMD\Fitness.CMD.csproj", "{DFB8017F-B426-4BF9-8E4F-AFFCA0256608}"
EndProject
Project("{FAE04EC0-301F-11D3-BF4B-00C04F79EFBC}") = "UserControllerTests1", "UserControllerTests1\UserControllerTests1.csproj", "{6BE594CE-13FD-48BE-BB67-BA0E7CB4ACC0}"
EndProject
Global
	GlobalSection(SolutionConfigurationPlatforms) = preSolution
		Debug|Any CPU = Debug|Any CPU
		Release|Any CPU = Release|Any CPU
	EndGlobalSection
	GlobalSection(ProjectConfigurationPlatforms) = postSolution
		{D2D3D595-9C25-4558-8ACB-3A51EB066C36}.Debug|Any CPU.ActiveCfg = Debug|Any CPU
		{D2D3D595-9C25-4558-8ACB-3A51EB066C36}.Debug|Any CPU.Build.0 = Debug|Any CPU
		{D2D3D595-9C25-4558-8ACB-3A51EB066C36}.Release|Any CPU.ActiveCfg = Release|Any CPU
		{D2D3D595-9C25-4558-8ACB-3A51EB066C36}.Release|Any CPU.Build.0 = Release|Any CPU
		{DFB8017F-B426-4BF9-8E4F-AFFCA0256608}.Debug|Any CPU.ActiveCfg = Debug|Any CPU
		{DFB8017F-B426-4BF9-8E4F-AFFCA0256608}.Debug|Any CPU.Build.0 = Debug|Any CPU
		{DFB8017F-B426-4BF9-8E4F-AFFCA0256608}.Release|Any CPU.ActiveCfg = Release|Any CPU
		{DFB8017F-B426-4BF9-8E4F-AFFCA0256608}.Release|Any CPU.Build.0 = Release|Any CPU
		{6BE594CE-13FD-48BE-BB67-BA0E7CB4ACC0}.Debug|Any CPU.ActiveCfg = Debug|Any CPU
		{6BE594CE-13FD-48BE-BB67-BA0E7CB4ACC0}.Debug|Any CPU.Build.0 = Debug|Any CPU
		{6BE594CE-13FD-48BE-BB67-BA0E7CB4ACC0}.Release|Any CPU.ActiveCfg = Release|Any CPU
		{6BE594CE-13FD-48BE-BB67-BA0E7CB4ACC0}.Release|Any CPU.Build.0 = Release|Any CPU
	EndGlobalSection
	GlobalSection(SolutionProperties) = preSolution
		HideSolutionNode = FALSE
	EndGlobalSection
	GlobalSection(ExtensibilityGlobals) = postSolution
		SolutionGuid = {7BB4DF93-D50E-4845-AF60-9E24CE0E4CCF}
	EndGlobalSection
EndGlobal
