
Microsoft Visual Studio Solution File, Format Version 12.00
# Visual Studio Version 17
VisualStudioVersion = 17.6.33815.320
MinimumVisualStudioVersion = 10.0.40219.1
Project("{9A19103F-16F7-4668-BE54-9A1E7A4F7556}") = "Fitness.BL", "Fitness.BL\Fitness.BL.csproj", "{D2D3D595-9C25-4558-8ACB-3A51EB066C36}"
EndProject
Project("{9A19103F-16F7-4668-BE54-9A1E7A4F7556}") = "Fitness.CMD", "Fitness.CMD\Fitness.CMD.csproj", "{DFB8017F-B426-4BF9-8E4F-AFFCA0256608}"
EndProject
Project("{FAE04EC0-301F-11D3-BF4B-00C04F79EFBC}") = "UserControllerTests", "UserControllerTests\UserControllerTests.csproj", "{A013E6B0-D60C-41EB-A83F-E29BBEF3BA8C}"
EndProject
Global
	GlobalSection(SolutionConfigurationPlatforms) = preSolution
		Debug|Any CPU = Debug|Any CPU
		Release|Any CPU = Release|Any CPU
	EndGlobalSection
	GlobalSection(ProjectConfigurationPlatforms) = postSolution
		{D2D3D595-9C25-4558-8ACB-3A51EB066C36}.Debug|Any CPU.ActiveCfg = Debug|Any CPU
		{D2D3D595-9C25-4558-8ACB-3A51EB066C36}.Debug|Any CPU.Build.0 = Debug|Any CPU
		{D2D3D595-9C25-4558-8ACB-3A51EB066C36}.Release|Any CPU.ActiveCfg = Release|Any CPU
		{D2D3D595-9C25-4558-8ACB-3A51EB066C36}.Release|Any CPU.Build.0 = Release|Any CPU
		{DFB8017F-B426-4BF9-8E4F-AFFCA0256608}.Debug|Any CPU.ActiveCfg = Debug|Any CPU
		{DFB8017F-B426-4BF9-8E4F-AFFCA0256608}.Debug|Any CPU.Build.0 = Debug|Any CPU
		{DFB8017F-B426-4BF9-8E4F-AFFCA0256608}.Release|Any CPU.ActiveCfg = Release|Any CPU
		{DFB8017F-B426-4BF9-8E4F-AFFCA0256608}.Release|Any CPU.Build.0 = Release|Any CPU
		{A013E6B0-D60C-41EB-A83F-E29BBEF3BA8C}.Debug|Any CPU.ActiveCfg = Debug|Any CPU
		{A013E6B0-D60C-41EB-A83F-E29BBEF3BA8C}.Debug|Any CPU.Build.0 = Debug|Any CPU
		{A013E6B0-D60C-41EB-A83F-E29BBEF3BA8C}.Release|Any CPU.ActiveCfg = Release|Any CPU
		{A013E6B0-D60C-41EB-A83F-E29BBEF3BA8C}.Release|Any CPU.Build.0 = Release|Any CPU
	EndGlobalSection
	GlobalSection(SolutionProperties) = preSolution
		HideSolutionNode = FALSE
	EndGlobalSection
	GlobalSection(ExtensibilityGlobals) = postSolution
		SolutionGuid = {7BB4DF93-D50E-4845-AF60-9E24CE0E4CCF}
	EndGlobalSection
EndGlobal
